
Microsoft Visual Studio Solution File, Format Version 12.00
# Visual Studio Version 17
VisualStudioVersion = 17.9.34607.119
MinimumVisualStudioVersion = 10.0.40219.1
Project("{FAE04EC0-301F-11D3-BF4B-00C04F79EFBC}") = "CelularCTI.Model", "CelularCTI.Model\CelularCTI.Model.csproj", "{AC245AD1-58E0-4A6A-86C4-924BF5D61D6B}"
EndProject
Global
	GlobalSection(SolutionConfigurationPlatforms) = preSolution
		Debug|Any CPU = Debug|Any CPU
		Release|Any CPU = Release|Any CPU
	EndGlobalSection
	GlobalSection(ProjectConfigurationPlatforms) = postSolution
		{AC245AD1-58E0-4A6A-86C4-924BF5D61D6B}.Debug|Any CPU.ActiveCfg = Debug|Any CPU
		{AC245AD1-58E0-4A6A-86C4-924BF5D61D6B}.Debug|Any CPU.Build.0 = Debug|Any CPU
		{AC245AD1-58E0-4A6A-86C4-924BF5D61D6B}.Release|Any CPU.ActiveCfg = Release|Any CPU
		{AC245AD1-58E0-4A6A-86C4-924BF5D61D6B}.Release|Any CPU.Build.0 = Release|Any CPU
	EndGlobalSection
	GlobalSection(SolutionProperties) = preSolution
		HideSolutionNode = FALSE
	EndGlobalSection
	GlobalSection(ExtensibilityGlobals) = postSolution
		SolutionGuid = {2234223E-7B94-47B9-9BF2-458B7620B8BF}
	EndGlobalSection
EndGlobal
